
Microsoft Visual Studio Solution File, Format Version 12.00
# Visual Studio 15
VisualStudioVersion = 15.0.28010.2026
MinimumVisualStudioVersion = 10.0.40219.1
Project("{FAE04EC0-301F-11D3-BF4B-00C04F79EFBC}") = "BackendWCF", "BackendWCF\BackendWCF.csproj", "{E6A620C4-2B84-4800-AFC6-3F3F81C7908C}"
EndProject
Project("{FAE04EC0-301F-11D3-BF4B-00C04F79EFBC}") = "BackendWCFTests1", "BackendWCFTests1\BackendWCFTests1.csproj", "{F2121DC6-E734-448E-8FEC-7A32AFB9CA74}"
EndProject
Project("{FAE04EC0-301F-11D3-BF4B-00C04F79EFBC}") = "GUIWPF", "GUIWPF\GUIWPF.csproj", "{FDD9697F-00D9-4E13-A571-DD6D2886570D}"
	ProjectSection(ProjectDependencies) = postProject
		{E6A620C4-2B84-4800-AFC6-3F3F81C7908C} = {E6A620C4-2B84-4800-AFC6-3F3F81C7908C}
	EndProjectSection
EndProject
Project("{FAE04EC0-301F-11D3-BF4B-00C04F79EFBC}") = "ConsoleClient", "ConsoleClient\ConsoleClient.csproj", "{5DD8B991-8F69-42B0-8B2A-CC087498B4FD}"
	ProjectSection(ProjectDependencies) = postProject
		{E6A620C4-2B84-4800-AFC6-3F3F81C7908C} = {E6A620C4-2B84-4800-AFC6-3F3F81C7908C}
	EndProjectSection
EndProject
Global
	GlobalSection(SolutionConfigurationPlatforms) = preSolution
		Debug|Any CPU = Debug|Any CPU
		Release|Any CPU = Release|Any CPU
	EndGlobalSection
	GlobalSection(ProjectConfigurationPlatforms) = postSolution
		{E6A620C4-2B84-4800-AFC6-3F3F81C7908C}.Debug|Any CPU.ActiveCfg = Debug|Any CPU
		{E6A620C4-2B84-4800-AFC6-3F3F81C7908C}.Debug|Any CPU.Build.0 = Debug|Any CPU
		{E6A620C4-2B84-4800-AFC6-3F3F81C7908C}.Release|Any CPU.ActiveCfg = Release|Any CPU
		{E6A620C4-2B84-4800-AFC6-3F3F81C7908C}.Release|Any CPU.Build.0 = Release|Any CPU
		{F2121DC6-E734-448E-8FEC-7A32AFB9CA74}.Debug|Any CPU.ActiveCfg = Debug|Any CPU
		{F2121DC6-E734-448E-8FEC-7A32AFB9CA74}.Debug|Any CPU.Build.0 = Debug|Any CPU
		{F2121DC6-E734-448E-8FEC-7A32AFB9CA74}.Release|Any CPU.ActiveCfg = Release|Any CPU
		{F2121DC6-E734-448E-8FEC-7A32AFB9CA74}.Release|Any CPU.Build.0 = Release|Any CPU
		{FDD9697F-00D9-4E13-A571-DD6D2886570D}.Debug|Any CPU.ActiveCfg = Debug|Any CPU
		{FDD9697F-00D9-4E13-A571-DD6D2886570D}.Debug|Any CPU.Build.0 = Debug|Any CPU
		{FDD9697F-00D9-4E13-A571-DD6D2886570D}.Release|Any CPU.ActiveCfg = Release|Any CPU
		{FDD9697F-00D9-4E13-A571-DD6D2886570D}.Release|Any CPU.Build.0 = Release|Any CPU
		{5DD8B991-8F69-42B0-8B2A-CC087498B4FD}.Debug|Any CPU.ActiveCfg = Debug|Any CPU
		{5DD8B991-8F69-42B0-8B2A-CC087498B4FD}.Debug|Any CPU.Build.0 = Debug|Any CPU
		{5DD8B991-8F69-42B0-8B2A-CC087498B4FD}.Release|Any CPU.ActiveCfg = Release|Any CPU
		{5DD8B991-8F69-42B0-8B2A-CC087498B4FD}.Release|Any CPU.Build.0 = Release|Any CPU
	EndGlobalSection
	GlobalSection(SolutionProperties) = preSolution
		HideSolutionNode = FALSE
	EndGlobalSection
	GlobalSection(ExtensibilityGlobals) = postSolution
		SolutionGuid = {EEC5E564-0BE6-4D97-8CF6-C39191E3D112}
	EndGlobalSection
EndGlobal
